
Microsoft Visual Studio Solution File, Format Version 12.00
# Visual Studio 14
VisualStudioVersion = 14.0.25420.1
MinimumVisualStudioVersion = 10.0.40219.1
Project("{8BC9CEB8-8B4A-11D0-8D11-00A0C91BC942}") = "Lab2_CreatingTreeFromPolish", "Lab2\CreatingExpTreeFromPolishNotation\CreatingTreeFromPolish.vcxproj", "{32496660-BF1A-48F0-AF1C-976F8D19D6AB}"
EndProject
Project("{8BC9CEB8-8B4A-11D0-8D11-00A0C91BC942}") = "Lab3_LiteralSuffixPractice", "Lab3\Lab3_SuffixPractice\Lab3_TimeIntrval.vcxproj", "{B9DEC556-39BB-435F-9EE0-942C6D8EB7B3}"
EndProject
Project("{8BC9CEB8-8B4A-11D0-8D11-00A0C91BC942}") = "Lab3_SmartFloat", "Lab3\Lab3_SmartFloat\Lab3_SmartFloat.vcxproj", "{B59B55F2-BB6F-422F-8FF7-350F1B91AED0}"
EndProject
Project("{8BC9CEB8-8B4A-11D0-8D11-00A0C91BC942}") = "Lab4_ExpressionSmartPtr", "Lab4_ExpressionDump\Lab4_ExpressionDump.vcxproj", "{F13F79A2-90E3-40EB-8FA0-D8DDAA33B224}"
EndProject
Project("{8BC9CEB8-8B4A-11D0-8D11-00A0C91BC942}") = "Lab4_FunargProblems", "Lab4_FunargProblems\Lab4_FunargProblems.vcxproj", "{596C16D6-6C37-48EB-BA79-CE27ABCF562A}"
EndProject
Project("{8BC9CEB8-8B4A-11D0-8D11-00A0C91BC942}") = "Lab4_RAII_UnmanagedResource", "Lab4_RAII_UnmanagedResource\Lab4_RAII_UnmanagedResource.vcxproj", "{BB8CDCEC-15D0-4D69-AF2A-F7F007B8CC49}"
EndProject
Project("{8BC9CEB8-8B4A-11D0-8D11-00A0C91BC942}") = "Lab6_StackPlacementNew", "Lab6_Noisy\Lab6_Noisy.vcxproj", "{5C40CE21-B600-4B9C-81FA-8777CF70D7E8}"
EndProject
Project("{8BC9CEB8-8B4A-11D0-8D11-00A0C91BC942}") = "Lab6_GlobalOperatorNew", "Lab6_GlobalOperatorNew\Lab6_GlobalOperatorNew.vcxproj", "{5DD086AA-39D6-40A6-84E1-DE7CC8EA047C}"
EndProject
Project("{8BC9CEB8-8B4A-11D0-8D11-00A0C91BC942}") = "Lab7_RAII_ImproveWithMove", "Lab7_RAII_ImproveWithMove\Lab7_RAII_ImproveWithMove.vcxproj", "{697A5A4E-B441-4F61-8ECE-E872D76C6B92}"
EndProject
Project("{8BC9CEB8-8B4A-11D0-8D11-00A0C91BC942}") = "Lab7_StringMove", "Lab7_StringMove\Lab7_StringMove.vcxproj", "{F68D531F-0B38-4BF6-89F1-47C7EAF39871}"
EndProject
Project("{8BC9CEB8-8B4A-11D0-8D11-00A0C91BC942}") = "Lab7_Matrix", "Lab7_Matrix\Lab7_Matrix.vcxproj", "{84B56EC9-8EE5-4C3E-AC26-6C20339D2217}"
EndProject
Project("{8BC9CEB8-8B4A-11D0-8D11-00A0C91BC942}") = "Lab8_Stack", "Lab8_Stack\Lab8_Stack.vcxproj", "{9A14C2AB-17C0-4745-B001-1FEA5B686ACF}"
EndProject
Project("{8BC9CEB8-8B4A-11D0-8D11-00A0C91BC942}") = "Lab10_Transform", "Lab10_Transform\Lab10_Transform.vcxproj", "{84B965AE-1FAD-4911-92D5-D8FC485E2197}"
EndProject
Project("{8BC9CEB8-8B4A-11D0-8D11-00A0C91BC942}") = "Lab10_FVDrawer", "Lab10_FVDrawer\Lab10_FVDrawer.vcxproj", "{B2BD735E-DEB9-4645-A1EE-429E0BC05977}"
EndProject
Project("{8BC9CEB8-8B4A-11D0-8D11-00A0C91BC942}") = "Lab10_DeclerativeLambdaMagic", "Lab10_DeclerativeLambdaMagic\Lab10_DeclerativeLambdaMagic.vcxproj", "{D53CF59C-F827-48DD-B477-7C0FD2E2F60A}"
EndProject
Project("{8BC9CEB8-8B4A-11D0-8D11-00A0C91BC942}") = "Lab11_VectorStrategyTemplate", "Lab11_VectorStrategyTemplate\Lab11_VectorStrategyTemplate.vcxproj", "{DBF31149-F15C-4470-AFF1-8D60EF535747}"
EndProject
Project("{8BC9CEB8-8B4A-11D0-8D11-00A0C91BC942}") = "Lab11_OwnIsBaseOf", "Lab11_OwnIsBaseOf\Lab11_OwnIsBaseOf.vcxproj", "{B4AE05DE-4AD0-4480-A37A-F11615EEBFE2}"
EndProject
Project("{8BC9CEB8-8B4A-11D0-8D11-00A0C91BC942}") = "Lab11_FibonacciMeta", "Lab11_FibonacciMeta\Lab11_FibonacciMeta.vcxproj", "{A22AD16C-3BEE-40C3-B23B-31D6BAA5C4A4}"
EndProject
Global
	GlobalSection(SolutionConfigurationPlatforms) = preSolution
		Debug|x64 = Debug|x64
		Debug|x86 = Debug|x86
		Release|x64 = Release|x64
		Release|x86 = Release|x86
	EndGlobalSection
	GlobalSection(ProjectConfigurationPlatforms) = postSolution
		{32496660-BF1A-48F0-AF1C-976F8D19D6AB}.Debug|x64.ActiveCfg = Debug|Win32
		{32496660-BF1A-48F0-AF1C-976F8D19D6AB}.Debug|x86.ActiveCfg = Debug|Win32
		{32496660-BF1A-48F0-AF1C-976F8D19D6AB}.Debug|x86.Build.0 = Debug|Win32
		{32496660-BF1A-48F0-AF1C-976F8D19D6AB}.Release|x64.ActiveCfg = Release|Win32
		{32496660-BF1A-48F0-AF1C-976F8D19D6AB}.Release|x86.ActiveCfg = Release|Win32
		{32496660-BF1A-48F0-AF1C-976F8D19D6AB}.Release|x86.Build.0 = Release|Win32
		{B9DEC556-39BB-435F-9EE0-942C6D8EB7B3}.Debug|x64.ActiveCfg = Debug|x64
		{B9DEC556-39BB-435F-9EE0-942C6D8EB7B3}.Debug|x64.Build.0 = Debug|x64
		{B9DEC556-39BB-435F-9EE0-942C6D8EB7B3}.Debug|x86.ActiveCfg = Debug|Win32
		{B9DEC556-39BB-435F-9EE0-942C6D8EB7B3}.Debug|x86.Build.0 = Debug|Win32
		{B9DEC556-39BB-435F-9EE0-942C6D8EB7B3}.Release|x64.ActiveCfg = Release|x64
		{B9DEC556-39BB-435F-9EE0-942C6D8EB7B3}.Release|x64.Build.0 = Release|x64
		{B9DEC556-39BB-435F-9EE0-942C6D8EB7B3}.Release|x86.ActiveCfg = Release|Win32
		{B9DEC556-39BB-435F-9EE0-942C6D8EB7B3}.Release|x86.Build.0 = Release|Win32
		{B59B55F2-BB6F-422F-8FF7-350F1B91AED0}.Debug|x64.ActiveCfg = Debug|x64
		{B59B55F2-BB6F-422F-8FF7-350F1B91AED0}.Debug|x64.Build.0 = Debug|x64
		{B59B55F2-BB6F-422F-8FF7-350F1B91AED0}.Debug|x86.ActiveCfg = Debug|Win32
		{B59B55F2-BB6F-422F-8FF7-350F1B91AED0}.Debug|x86.Build.0 = Debug|Win32
		{B59B55F2-BB6F-422F-8FF7-350F1B91AED0}.Release|x64.ActiveCfg = Release|x64
		{B59B55F2-BB6F-422F-8FF7-350F1B91AED0}.Release|x64.Build.0 = Release|x64
		{B59B55F2-BB6F-422F-8FF7-350F1B91AED0}.Release|x86.ActiveCfg = Release|Win32
		{B59B55F2-BB6F-422F-8FF7-350F1B91AED0}.Release|x86.Build.0 = Release|Win32
		{F13F79A2-90E3-40EB-8FA0-D8DDAA33B224}.Debug|x64.ActiveCfg = Debug|x64
		{F13F79A2-90E3-40EB-8FA0-D8DDAA33B224}.Debug|x64.Build.0 = Debug|x64
		{F13F79A2-90E3-40EB-8FA0-D8DDAA33B224}.Debug|x86.ActiveCfg = Debug|Win32
		{F13F79A2-90E3-40EB-8FA0-D8DDAA33B224}.Debug|x86.Build.0 = Debug|Win32
		{F13F79A2-90E3-40EB-8FA0-D8DDAA33B224}.Release|x64.ActiveCfg = Release|x64
		{F13F79A2-90E3-40EB-8FA0-D8DDAA33B224}.Release|x64.Build.0 = Release|x64
		{F13F79A2-90E3-40EB-8FA0-D8DDAA33B224}.Release|x86.ActiveCfg = Release|Win32
		{F13F79A2-90E3-40EB-8FA0-D8DDAA33B224}.Release|x86.Build.0 = Release|Win32
		{596C16D6-6C37-48EB-BA79-CE27ABCF562A}.Debug|x64.ActiveCfg = Debug|x64
		{596C16D6-6C37-48EB-BA79-CE27ABCF562A}.Debug|x64.Build.0 = Debug|x64
		{596C16D6-6C37-48EB-BA79-CE27ABCF562A}.Debug|x86.ActiveCfg = Debug|Win32
		{596C16D6-6C37-48EB-BA79-CE27ABCF562A}.Debug|x86.Build.0 = Debug|Win32
		{596C16D6-6C37-48EB-BA79-CE27ABCF562A}.Release|x64.ActiveCfg = Release|x64
		{596C16D6-6C37-48EB-BA79-CE27ABCF562A}.Release|x64.Build.0 = Release|x64
		{596C16D6-6C37-48EB-BA79-CE27ABCF562A}.Release|x86.ActiveCfg = Release|Win32
		{596C16D6-6C37-48EB-BA79-CE27ABCF562A}.Release|x86.Build.0 = Release|Win32
		{BB8CDCEC-15D0-4D69-AF2A-F7F007B8CC49}.Debug|x64.ActiveCfg = Debug|x64
		{BB8CDCEC-15D0-4D69-AF2A-F7F007B8CC49}.Debug|x64.Build.0 = Debug|x64
		{BB8CDCEC-15D0-4D69-AF2A-F7F007B8CC49}.Debug|x86.ActiveCfg = Debug|Win32
		{BB8CDCEC-15D0-4D69-AF2A-F7F007B8CC49}.Debug|x86.Build.0 = Debug|Win32
		{BB8CDCEC-15D0-4D69-AF2A-F7F007B8CC49}.Release|x64.ActiveCfg = Release|x64
		{BB8CDCEC-15D0-4D69-AF2A-F7F007B8CC49}.Release|x64.Build.0 = Release|x64
		{BB8CDCEC-15D0-4D69-AF2A-F7F007B8CC49}.Release|x86.ActiveCfg = Release|Win32
		{BB8CDCEC-15D0-4D69-AF2A-F7F007B8CC49}.Release|x86.Build.0 = Release|Win32
		{5C40CE21-B600-4B9C-81FA-8777CF70D7E8}.Debug|x64.ActiveCfg = Debug|x64
		{5C40CE21-B600-4B9C-81FA-8777CF70D7E8}.Debug|x64.Build.0 = Debug|x64
		{5C40CE21-B600-4B9C-81FA-8777CF70D7E8}.Debug|x86.ActiveCfg = Debug|Win32
		{5C40CE21-B600-4B9C-81FA-8777CF70D7E8}.Debug|x86.Build.0 = Debug|Win32
		{5C40CE21-B600-4B9C-81FA-8777CF70D7E8}.Release|x64.ActiveCfg = Release|x64
		{5C40CE21-B600-4B9C-81FA-8777CF70D7E8}.Release|x64.Build.0 = Release|x64
		{5C40CE21-B600-4B9C-81FA-8777CF70D7E8}.Release|x86.ActiveCfg = Release|Win32
		{5C40CE21-B600-4B9C-81FA-8777CF70D7E8}.Release|x86.Build.0 = Release|Win32
		{5DD086AA-39D6-40A6-84E1-DE7CC8EA047C}.Debug|x64.ActiveCfg = Debug|x64
		{5DD086AA-39D6-40A6-84E1-DE7CC8EA047C}.Debug|x64.Build.0 = Debug|x64
		{5DD086AA-39D6-40A6-84E1-DE7CC8EA047C}.Debug|x86.ActiveCfg = Debug|Win32
		{5DD086AA-39D6-40A6-84E1-DE7CC8EA047C}.Debug|x86.Build.0 = Debug|Win32
		{5DD086AA-39D6-40A6-84E1-DE7CC8EA047C}.Release|x64.ActiveCfg = Release|x64
		{5DD086AA-39D6-40A6-84E1-DE7CC8EA047C}.Release|x64.Build.0 = Release|x64
		{5DD086AA-39D6-40A6-84E1-DE7CC8EA047C}.Release|x86.ActiveCfg = Release|Win32
		{5DD086AA-39D6-40A6-84E1-DE7CC8EA047C}.Release|x86.Build.0 = Release|Win32
		{697A5A4E-B441-4F61-8ECE-E872D76C6B92}.Debug|x64.ActiveCfg = Debug|x64
		{697A5A4E-B441-4F61-8ECE-E872D76C6B92}.Debug|x64.Build.0 = Debug|x64
		{697A5A4E-B441-4F61-8ECE-E872D76C6B92}.Debug|x86.ActiveCfg = Debug|Win32
		{697A5A4E-B441-4F61-8ECE-E872D76C6B92}.Debug|x86.Build.0 = Debug|Win32
		{697A5A4E-B441-4F61-8ECE-E872D76C6B92}.Release|x64.ActiveCfg = Release|x64
		{697A5A4E-B441-4F61-8ECE-E872D76C6B92}.Release|x64.Build.0 = Release|x64
		{697A5A4E-B441-4F61-8ECE-E872D76C6B92}.Release|x86.ActiveCfg = Release|Win32
		{697A5A4E-B441-4F61-8ECE-E872D76C6B92}.Release|x86.Build.0 = Release|Win32
		{F68D531F-0B38-4BF6-89F1-47C7EAF39871}.Debug|x64.ActiveCfg = Debug|x64
		{F68D531F-0B38-4BF6-89F1-47C7EAF39871}.Debug|x64.Build.0 = Debug|x64
		{F68D531F-0B38-4BF6-89F1-47C7EAF39871}.Debug|x86.ActiveCfg = Debug|Win32
		{F68D531F-0B38-4BF6-89F1-47C7EAF39871}.Debug|x86.Build.0 = Debug|Win32
		{F68D531F-0B38-4BF6-89F1-47C7EAF39871}.Release|x64.ActiveCfg = Release|x64
		{F68D531F-0B38-4BF6-89F1-47C7EAF39871}.Release|x64.Build.0 = Release|x64
		{F68D531F-0B38-4BF6-89F1-47C7EAF39871}.Release|x86.ActiveCfg = Release|Win32
		{F68D531F-0B38-4BF6-89F1-47C7EAF39871}.Release|x86.Build.0 = Release|Win32
		{84B56EC9-8EE5-4C3E-AC26-6C20339D2217}.Debug|x64.ActiveCfg = Debug|x64
		{84B56EC9-8EE5-4C3E-AC26-6C20339D2217}.Debug|x64.Build.0 = Debug|x64
		{84B56EC9-8EE5-4C3E-AC26-6C20339D2217}.Debug|x86.ActiveCfg = Debug|Win32
		{84B56EC9-8EE5-4C3E-AC26-6C20339D2217}.Debug|x86.Build.0 = Debug|Win32
		{84B56EC9-8EE5-4C3E-AC26-6C20339D2217}.Release|x64.ActiveCfg = Release|x64
		{84B56EC9-8EE5-4C3E-AC26-6C20339D2217}.Release|x64.Build.0 = Release|x64
		{84B56EC9-8EE5-4C3E-AC26-6C20339D2217}.Release|x86.ActiveCfg = Release|Win32
		{84B56EC9-8EE5-4C3E-AC26-6C20339D2217}.Release|x86.Build.0 = Release|Win32
		{9A14C2AB-17C0-4745-B001-1FEA5B686ACF}.Debug|x64.ActiveCfg = Debug|x64
		{9A14C2AB-17C0-4745-B001-1FEA5B686ACF}.Debug|x64.Build.0 = Debug|x64
		{9A14C2AB-17C0-4745-B001-1FEA5B686ACF}.Debug|x86.ActiveCfg = Debug|Win32
		{9A14C2AB-17C0-4745-B001-1FEA5B686ACF}.Debug|x86.Build.0 = Debug|Win32
		{9A14C2AB-17C0-4745-B001-1FEA5B686ACF}.Release|x64.ActiveCfg = Release|x64
		{9A14C2AB-17C0-4745-B001-1FEA5B686ACF}.Release|x64.Build.0 = Release|x64
		{9A14C2AB-17C0-4745-B001-1FEA5B686ACF}.Release|x86.ActiveCfg = Release|Win32
		{9A14C2AB-17C0-4745-B001-1FEA5B686ACF}.Release|x86.Build.0 = Release|Win32
		{84B965AE-1FAD-4911-92D5-D8FC485E2197}.Debug|x64.ActiveCfg = Debug|x64
		{84B965AE-1FAD-4911-92D5-D8FC485E2197}.Debug|x64.Build.0 = Debug|x64
		{84B965AE-1FAD-4911-92D5-D8FC485E2197}.Debug|x86.ActiveCfg = Debug|Win32
		{84B965AE-1FAD-4911-92D5-D8FC485E2197}.Debug|x86.Build.0 = Debug|Win32
		{84B965AE-1FAD-4911-92D5-D8FC485E2197}.Release|x64.ActiveCfg = Release|x64
		{84B965AE-1FAD-4911-92D5-D8FC485E2197}.Release|x64.Build.0 = Release|x64
		{84B965AE-1FAD-4911-92D5-D8FC485E2197}.Release|x86.ActiveCfg = Release|Win32
		{84B965AE-1FAD-4911-92D5-D8FC485E2197}.Release|x86.Build.0 = Release|Win32
		{B2BD735E-DEB9-4645-A1EE-429E0BC05977}.Debug|x64.ActiveCfg = Debug|x64
		{B2BD735E-DEB9-4645-A1EE-429E0BC05977}.Debug|x64.Build.0 = Debug|x64
		{B2BD735E-DEB9-4645-A1EE-429E0BC05977}.Debug|x86.ActiveCfg = Debug|Win32
		{B2BD735E-DEB9-4645-A1EE-429E0BC05977}.Debug|x86.Build.0 = Debug|Win32
		{B2BD735E-DEB9-4645-A1EE-429E0BC05977}.Release|x64.ActiveCfg = Release|x64
		{B2BD735E-DEB9-4645-A1EE-429E0BC05977}.Release|x64.Build.0 = Release|x64
		{B2BD735E-DEB9-4645-A1EE-429E0BC05977}.Release|x86.ActiveCfg = Release|Win32
		{B2BD735E-DEB9-4645-A1EE-429E0BC05977}.Release|x86.Build.0 = Release|Win32
		{D53CF59C-F827-48DD-B477-7C0FD2E2F60A}.Debug|x64.ActiveCfg = Debug|x64
		{D53CF59C-F827-48DD-B477-7C0FD2E2F60A}.Debug|x64.Build.0 = Debug|x64
		{D53CF59C-F827-48DD-B477-7C0FD2E2F60A}.Debug|x86.ActiveCfg = Debug|Win32
		{D53CF59C-F827-48DD-B477-7C0FD2E2F60A}.Debug|x86.Build.0 = Debug|Win32
		{D53CF59C-F827-48DD-B477-7C0FD2E2F60A}.Release|x64.ActiveCfg = Release|x64
		{D53CF59C-F827-48DD-B477-7C0FD2E2F60A}.Release|x64.Build.0 = Release|x64
		{D53CF59C-F827-48DD-B477-7C0FD2E2F60A}.Release|x86.ActiveCfg = Release|Win32
		{D53CF59C-F827-48DD-B477-7C0FD2E2F60A}.Release|x86.Build.0 = Release|Win32
		{DBF31149-F15C-4470-AFF1-8D60EF535747}.Debug|x64.ActiveCfg = Debug|x64
		{DBF31149-F15C-4470-AFF1-8D60EF535747}.Debug|x64.Build.0 = Debug|x64
		{DBF31149-F15C-4470-AFF1-8D60EF535747}.Debug|x86.ActiveCfg = Debug|Win32
		{DBF31149-F15C-4470-AFF1-8D60EF535747}.Debug|x86.Build.0 = Debug|Win32
		{DBF31149-F15C-4470-AFF1-8D60EF535747}.Release|x64.ActiveCfg = Release|x64
		{DBF31149-F15C-4470-AFF1-8D60EF535747}.Release|x64.Build.0 = Release|x64
		{DBF31149-F15C-4470-AFF1-8D60EF535747}.Release|x86.ActiveCfg = Release|Win32
		{DBF31149-F15C-4470-AFF1-8D60EF535747}.Release|x86.Build.0 = Release|Win32
		{B4AE05DE-4AD0-4480-A37A-F11615EEBFE2}.Debug|x64.ActiveCfg = Debug|x64
		{B4AE05DE-4AD0-4480-A37A-F11615EEBFE2}.Debug|x64.Build.0 = Debug|x64
		{B4AE05DE-4AD0-4480-A37A-F11615EEBFE2}.Debug|x86.ActiveCfg = Debug|Win32
		{B4AE05DE-4AD0-4480-A37A-F11615EEBFE2}.Debug|x86.Build.0 = Debug|Win32
		{B4AE05DE-4AD0-4480-A37A-F11615EEBFE2}.Release|x64.ActiveCfg = Release|x64
		{B4AE05DE-4AD0-4480-A37A-F11615EEBFE2}.Release|x64.Build.0 = Release|x64
		{B4AE05DE-4AD0-4480-A37A-F11615EEBFE2}.Release|x86.ActiveCfg = Release|Win32
		{B4AE05DE-4AD0-4480-A37A-F11615EEBFE2}.Release|x86.Build.0 = Release|Win32
		{A22AD16C-3BEE-40C3-B23B-31D6BAA5C4A4}.Debug|x64.ActiveCfg = Debug|x64
		{A22AD16C-3BEE-40C3-B23B-31D6BAA5C4A4}.Debug|x64.Build.0 = Debug|x64
		{A22AD16C-3BEE-40C3-B23B-31D6BAA5C4A4}.Debug|x86.ActiveCfg = Debug|Win32
		{A22AD16C-3BEE-40C3-B23B-31D6BAA5C4A4}.Debug|x86.Build.0 = Debug|Win32
		{A22AD16C-3BEE-40C3-B23B-31D6BAA5C4A4}.Release|x64.ActiveCfg = Release|x64
		{A22AD16C-3BEE-40C3-B23B-31D6BAA5C4A4}.Release|x64.Build.0 = Release|x64
		{A22AD16C-3BEE-40C3-B23B-31D6BAA5C4A4}.Release|x86.ActiveCfg = Release|Win32
		{A22AD16C-3BEE-40C3-B23B-31D6BAA5C4A4}.Release|x86.Build.0 = Release|Win32
	EndGlobalSection
	GlobalSection(SolutionProperties) = preSolution
		HideSolutionNode = FALSE
	EndGlobalSection
EndGlobal
