<?xml version="1.0" encoding="utf-8"?>
<Project ToolsVersion="4.0" xmlns="http://schemas.microsoft.com/developer/msbuild/2003">
  <ItemGroup>
    <Filter Include="Source Files">
      <UniqueIdentifier>{4FC737F1-C7A5-4376-A066-2A32D752A2FF}</UniqueIdentifier>
      <Extensions>cpp;c;cc;cxx;def;odl;idl;hpj;bat;asm;asmx</Extensions>
    </Filter>
    <Filter Include="Header Files">
      <UniqueIdentifier>{93995380-89BD-4b04-88EB-625FBE52EBFB}</UniqueIdentifier>
      <Extensions>h;hpp;hxx;hm;inl;inc;xsd</Extensions>
    </Filter>
    <Filter Include="Resource Files">
      <UniqueIdentifier>{67DA6AB6-F800-4c08-8B7A-83BB121AAD01}</UniqueIdentifier>
      <Extensions>rc;ico;cur;bmp;dlg;rc2;rct;bin;rgs;gif;jpg;jpeg;jpe;resx;tiff;tif;png;wav;mfcribbon-ms</Extensions>
    </Filter>
    <Filter Include="Shaders">
      <UniqueIdentifier>{3a237228-0447-4427-a8ce-6a0cecfaee55}</UniqueIdentifier>
    </Filter>
    <Filter Include="Objects">
      <UniqueIdentifier>{84c6c877-a274-483b-8254-de1998fa7e1f}</UniqueIdentifier>
    </Filter>
    <Filter Include="Input">
      <UniqueIdentifier>{4168c68b-5aeb-4e02-879c-e326e23ce43d}</UniqueIdentifier>
    </Filter>
    <Filter Include="ThirdParty">
      <UniqueIdentifier>{298d8d41-cd23-4f25-8315-0c1a88982c8f}</UniqueIdentifier>
    </Filter>
    <Filter Include="ThirdParty\PugXMl">
      <UniqueIdentifier>{57ba8b37-feb7-48c4-8c08-27ba7898d7d4}</UniqueIdentifier>
    </Filter>
    <Filter Include="Input\GamePad">
      <UniqueIdentifier>{ca1b5992-2812-4bc5-823e-277500a63750}</UniqueIdentifier>
    </Filter>
  </ItemGroup>
  <ItemGroup>
    <None Include="packages.config" />
    <None Include="SimpleVertexShader.glsl">
      <Filter>Shaders</Filter>
    </None>
    <None Include="SimpleFragmentShader.glsl">
      <Filter>Shaders</Filter>
    </None>
    <None Include="ColorableFragmentShader.glsl">
      <Filter>Shaders</Filter>
    </None>
  </ItemGroup>
  <ItemGroup>
    <ClCompile Include="Main.cpp">
      <Filter>Source Files</Filter>
    </ClCompile>
    <ClCompile Include="Input\InputMapper.cpp">
      <Filter>Input</Filter>
    </ClCompile>
    <ClCompile Include="Input\InputContext.cpp">
      <Filter>Input</Filter>
    </ClCompile>
    <ClCompile Include="ThirdParty\pugixml.cpp">
      <Filter>ThirdParty\PugXMl</Filter>
    </ClCompile>
    <ClCompile Include="Input\GamePad.cpp">
      <Filter>Input\GamePad</Filter>
    </ClCompile>
  </ItemGroup>
  <ItemGroup>
    <ClInclude Include="Rectangle.h">
      <Filter>Objects</Filter>
    </ClInclude>
    <ClInclude Include="Shader.h">
      <Filter>Shaders</Filter>
    </ClInclude>
    <ClInclude Include="vectormath.h">
      <Filter>Header Files</Filter>
    </ClInclude>
    <ClInclude Include="RenderState.h">
      <Filter>Header Files</Filter>
    </ClInclude>
    <ClInclude Include="InputHandler.h">
      <Filter>Input</Filter>
    </ClInclude>
    <ClInclude Include="Input\InputMapper.h">
      <Filter>Input</Filter>
    </ClInclude>
    <ClInclude Include="Input\InputContext.h">
      <Filter>Input</Filter>
    </ClInclude>
    <ClInclude Include="Input\Serializers.h">
      <Filter>Input</Filter>
    </ClInclude>
    <ClInclude Include="FileIO.h">
      <Filter>Input</Filter>
    </ClInclude>
    <ClInclude Include="Input\GamePad.h">
      <Filter>Input\GamePad</Filter>
    </ClInclude>
    <ClInclude Include="ErrorHandler.h">
      <Filter>Header Files</Filter>
    </ClInclude>
  </ItemGroup>
</Project>